
Microsoft Visual Studio Solution File, Format Version 12.00
# Visual Studio Version 16
VisualStudioVersion = 16.0.30114.105
MinimumVisualStudioVersion = 10.0.40219.1
Project("{FAE04EC0-301F-11D3-BF4B-00C04F79EFBC}") = "DotNetNote", "DotNetNote\DotNetNote.csproj", "{04D123E8-F673-4C58-B821-9C62EC5ECB23}"
EndProject
Project("{00D1A9C2-B5F0-4AF3-8072-F6C62B433612}") = "DotNetNote.Database", "DotNetNote.Database\DotNetNote.Database.sqlproj", "{0D554245-A455-447D-8945-19DFCA38DA9D}"
EndProject
Global
	GlobalSection(SolutionConfigurationPlatforms) = preSolution
		Debug|Any CPU = Debug|Any CPU
		Release|Any CPU = Release|Any CPU
	EndGlobalSection
	GlobalSection(ProjectConfigurationPlatforms) = postSolution
		{04D123E8-F673-4C58-B821-9C62EC5ECB23}.Debug|Any CPU.ActiveCfg = Debug|Any CPU
		{04D123E8-F673-4C58-B821-9C62EC5ECB23}.Debug|Any CPU.Build.0 = Debug|Any CPU
		{04D123E8-F673-4C58-B821-9C62EC5ECB23}.Release|Any CPU.ActiveCfg = Release|Any CPU
		{04D123E8-F673-4C58-B821-9C62EC5ECB23}.Release|Any CPU.Build.0 = Release|Any CPU
		{0D554245-A455-447D-8945-19DFCA38DA9D}.Debug|Any CPU.ActiveCfg = Debug|Any CPU
		{0D554245-A455-447D-8945-19DFCA38DA9D}.Debug|Any CPU.Build.0 = Debug|Any CPU
		{0D554245-A455-447D-8945-19DFCA38DA9D}.Debug|Any CPU.Deploy.0 = Debug|Any CPU
		{0D554245-A455-447D-8945-19DFCA38DA9D}.Release|Any CPU.ActiveCfg = Release|Any CPU
		{0D554245-A455-447D-8945-19DFCA38DA9D}.Release|Any CPU.Build.0 = Release|Any CPU
		{0D554245-A455-447D-8945-19DFCA38DA9D}.Release|Any CPU.Deploy.0 = Release|Any CPU
	EndGlobalSection
	GlobalSection(SolutionProperties) = preSolution
		HideSolutionNode = FALSE
	EndGlobalSection
	GlobalSection(ExtensibilityGlobals) = postSolution
		SolutionGuid = {2176C543-B47E-487A-90E8-0250B9A201E6}
	EndGlobalSection
EndGlobal
